{
  "version": 4,
  "terraform_version": "1.8.1",
  "serial": 249,
  "lineage": "3f8b2f2f-b8a9-57f0-32f3-2cbd81ec83f0",
  "outputs": {},
  "resources": [
    {
      "mode": "data",
      "type": "azurerm_client_config",
      "name": "current",
      "provider": "provider[\"registry.terraform.io/hashicorp/azurerm\"]",
      "instances": [
        {
          "schema_version": 0,
          "attributes": {
            "client_id": "04b07795-8ddb-461a-bbee-02f9e1bf7b46",
            "id": "Y2xpZW50Q29uZmlncy9jbGllbnRJZD0wNGIwNzc5NS04ZGRiLTQ2MWEtYmJlZS0wMmY5ZTFiZjdiNDY7b2JqZWN0SWQ9ZDlhYWQ4NTctOTY2Mi00NDMzLWIwNTktZDZkYTM4ZDczMjcyO3N1YnNjcmlwdGlvbklkPTUwY2YwYTQ2LWE4NDQtNDFhOS1hNzA4LThhOWFjMmYwZWVjYzt0ZW5hbnRJZD1jNTk3NmI3Zi1lMzI2LTRkMmItOWM0NC0xODNjMjkzNzE5NDI=",
            "object_id": "d9aad857-9662-4433-b059-d6da38d73272",
            "subscription_id": "50cf0a46-a844-41a9-a708-8a9ac2f0eecc",
            "tenant_id": "c5976b7f-e326-4d2b-9c44-183c29371942",
            "timeouts": null
          },
          "sensitive_attributes": []
        }
      ]
    },
    {
      "mode": "managed",
      "type": "azapi_resource",
      "name": "aiservices",
      "provider": "provider[\"registry.terraform.io/azure/azapi\"]",
      "instances": [
        {
          "schema_version": 2,
          "attributes": {
            "body": {
              "value": {
                "kind": "AIServices",
                "properties": {
                  "allowProjectManagement": true,
                  "customSubdomainName": "test-cs-account-rai-proj2",
                  "publicNetworkAccess": "Enabled"
                },
                "sku": {
                  "name": "S0"
                }
              },
              "type": [
                "object",
                {
                  "kind": "string",
                  "properties": [
                    "object",
                    {
                      "allowProjectManagement": "bool",
                      "customSubdomainName": "string",
                      "publicNetworkAccess": "string"
                    }
                  ],
                  "sku": [
                    "object",
                    {
                      "name": "string"
                    }
                  ]
                }
              ]
            },
            "create_headers": null,
            "create_query_parameters": null,
            "delete_headers": null,
            "delete_query_parameters": null,
            "id": "/subscriptions/50cf0a46-a844-41a9-a708-8a9ac2f0eecc/resourceGroups/rg-aml-test-demo2/providers/Microsoft.CognitiveServices/accounts/test-cs-account-rai-proj2",
            "identity": [
              {
                "identity_ids": [
                  "/subscriptions/50cf0a46-a844-41a9-a708-8a9ac2f0eecc/resourceGroups/rg-aml-test-demo2/providers/Microsoft.ManagedIdentity/userAssignedIdentities/aml-test-uai2"
                ],
                "principal_id": "d877db1e-18e3-4ba2-b370-c2f633ed612f",
                "tenant_id": "c5976b7f-e326-4d2b-9c44-183c29371942",
                "type": "SystemAssigned, UserAssigned"
              }
            ],
            "ignore_casing": false,
            "ignore_missing_property": true,
            "ignore_null_property": false,
            "location": "eastus",
            "locks": null,
            "name": "test-cs-account-rai-proj2",
            "output": {
              "value": {},
              "type": [
                "object",
                {}
              ]
            },
            "parent_id": "/subscriptions/50cf0a46-a844-41a9-a708-8a9ac2f0eecc/resourceGroups/rg-aml-test-demo2",
            "read_headers": null,
            "read_query_parameters": null,
            "replace_triggers_external_values": null,
            "replace_triggers_refs": null,
            "response_export_values": null,
            "retry": null,
            "schema_validation_enabled": false,
            "sensitive_body": null,
            "sensitive_body_version": null,
            "tags": null,
            "timeouts": null,
            "type": "Microsoft.CognitiveServices/accounts@2025-09-01",
            "update_headers": null,
            "update_query_parameters": null
          },
          "sensitive_attributes": [],
          "private": "eyJzZW5zaXRpdmVfYm9keSI6ImV5Sm9ZWE5vSWpvaVpFTk9UMjFMTDI1VFdTc3hNblpJZW1GelRGaHBjM2Q2YkVkVU5WVklRVGRxUVVkWmEzWnRRM1ZSY3owaWZRPT0ifQ==",
          "dependencies": [
            "azurerm_resource_group.main",
            "azurerm_user_assigned_identity.this"
          ]
        }
      ]
    },
    {
      "mode": "managed",
      "type": "azapi_resource",
      "name": "project",
      "provider": "provider[\"registry.terraform.io/azure/azapi\"]",
      "instances": [
        {
          "index_key": "projects-demo-app",
          "schema_version": 2,
          "attributes": {
            "body": {
              "value": {
                "properties": {
                  "description": "demo application project",
                  "displayName": "project-demo-app"
                }
              },
              "type": [
                "object",
                {
                  "properties": [
                    "object",
                    {
                      "description": "string",
                      "displayName": "string"
                    }
                  ]
                }
              ]
            },
            "create_headers": null,
            "create_query_parameters": null,
            "delete_headers": null,
            "delete_query_parameters": null,
            "id": "/subscriptions/50cf0a46-a844-41a9-a708-8a9ac2f0eecc/resourceGroups/rg-aml-test-demo2/providers/Microsoft.CognitiveServices/accounts/test-cs-account-rai-proj2/projects/projects-demo-app",
            "identity": [
              {
                "identity_ids": [
                  "/subscriptions/50cf0a46-a844-41a9-a708-8a9ac2f0eecc/resourceGroups/rg-aml-test-demo2/providers/Microsoft.ManagedIdentity/userAssignedIdentities/aml-test-uai2"
                ],
                "principal_id": "06638b49-1210-4043-9fb8-d8ccae8ce51a",
                "tenant_id": "c5976b7f-e326-4d2b-9c44-183c29371942",
                "type": "SystemAssigned, UserAssigned"
              }
            ],
            "ignore_casing": false,
            "ignore_missing_property": true,
            "ignore_null_property": false,
            "location": "eastus",
            "locks": null,
            "name": "projects-demo-app",
            "output": {
              "value": {
                "etag": "\"fc0077b5-0000-0100-0000-695b9c760000\"",
                "id": "/subscriptions/50cf0a46-a844-41a9-a708-8a9ac2f0eecc/resourceGroups/rg-aml-test-demo2/providers/Microsoft.CognitiveServices/accounts/test-cs-account-rai-proj2/projects/projects-demo-app",
                "identity": {
                  "principalId": "06638b49-1210-4043-9fb8-d8ccae8ce51a",
                  "tenantId": "c5976b7f-e326-4d2b-9c44-183c29371942",
                  "type": "SystemAssigned, UserAssigned",
                  "userAssignedIdentities": {
                    "/subscriptions/50cf0a46-a844-41a9-a708-8a9ac2f0eecc/resourceGroups/rg-aml-test-demo2/providers/Microsoft.ManagedIdentity/userAssignedIdentities/aml-test-uai2": {
                      "clientId": "d6a685d8-f9fa-45ab-bc6a-021d5a3289e2",
                      "principalId": "d5e87eea-a657-4134-9215-27e9a8edf34a"
                    }
                  }
                },
                "kind": "AIServices",
                "location": "eastus",
                "name": "test-cs-account-rai-proj2/projects-demo-app",
                "properties": {
                  "description": "demo application project",
                  "displayName": "project-demo-app",
                  "endpoints": {
                    "AI Foundry API": "https://test-cs-account-rai-proj2.services.ai.azure.com/api/projects/projects-demo-app"
                  },
                  "internalId": "918ad97f4d39468aaa032b5abb495ce0",
                  "isDefault": true,
                  "provisioningState": "Succeeded"
                },
                "systemData": {
                  "createdAt": "2026-01-05T11:11:38.9306515Z",
                  "createdBy": "sivakrishna.sunkara@hotmail.com",
                  "createdByType": "User",
                  "lastModifiedAt": "2026-01-05T11:11:38.9306515Z",
                  "lastModifiedBy": "sivakrishna.sunkara@hotmail.com",
                  "lastModifiedByType": "User"
                },
                "type": "Microsoft.CognitiveServices/accounts/projects"
              },
              "type": [
                "object",
                {
                  "etag": "string",
                  "id": "string",
                  "identity": [
                    "object",
                    {
                      "principalId": "string",
                      "tenantId": "string",
                      "type": "string",
                      "userAssignedIdentities": [
                        "object",
                        {
                          "/subscriptions/50cf0a46-a844-41a9-a708-8a9ac2f0eecc/resourceGroups/rg-aml-test-demo2/providers/Microsoft.ManagedIdentity/userAssignedIdentities/aml-test-uai2": [
                            "object",
                            {
                              "clientId": "string",
                              "principalId": "string"
                            }
                          ]
                        }
                      ]
                    }
                  ],
                  "kind": "string",
                  "location": "string",
                  "name": "string",
                  "properties": [
                    "object",
                    {
                      "description": "string",
                      "displayName": "string",
                      "endpoints": [
                        "object",
                        {
                          "AI Foundry API": "string"
                        }
                      ],
                      "internalId": "string",
                      "isDefault": "bool",
                      "provisioningState": "string"
                    }
                  ],
                  "systemData": [
                    "object",
                    {
                      "createdAt": "string",
                      "createdBy": "string",
                      "createdByType": "string",
                      "lastModifiedAt": "string",
                      "lastModifiedBy": "string",
                      "lastModifiedByType": "string"
                    }
                  ],
                  "type": "string"
                }
              ]
            },
            "parent_id": "/subscriptions/50cf0a46-a844-41a9-a708-8a9ac2f0eecc/resourceGroups/rg-aml-test-demo2/providers/Microsoft.CognitiveServices/accounts/test-cs-account-rai-proj2",
            "read_headers": null,
            "read_query_parameters": null,
            "replace_triggers_external_values": null,
            "replace_triggers_refs": null,
            "response_export_values": {
              "value": [
                "*"
              ],
              "type": [
                "tuple",
                [
                  "string"
                ]
              ]
            },
            "retry": null,
            "schema_validation_enabled": false,
            "sensitive_body": null,
            "sensitive_body_version": null,
            "tags": null,
            "timeouts": null,
            "type": "Microsoft.CognitiveServices/accounts/projects@2025-06-01",
            "update_headers": null,
            "update_query_parameters": null
          },
          "sensitive_attributes": [],
          "private": "eyJzZW5zaXRpdmVfYm9keSI6ImV5Sm9ZWE5vSWpvaVpFTk9UMjFMTDI1VFdTc3hNblpJZW1GelRGaHBjM2Q2YkVkVU5WVklRVGRxUVVkWmEzWnRRM1ZSY3owaWZRPT0ifQ==",
          "dependencies": [
            "azapi_resource.aiservices",
            "azurerm_resource_group.main",
            "azurerm_user_assigned_identity.this"
          ]
        },
        {
          "index_key": "projects-testing-agents",
          "schema_version": 2,
          "attributes": {
            "body": {
              "value": {
                "properties": {
                  "description": "test project",
                  "displayName": "project-agents-shiva"
                }
              },
              "type": [
                "object",
                {
                  "properties": [
                    "object",
                    {
                      "description": "string",
                      "displayName": "string"
                    }
                  ]
                }
              ]
            },
            "create_headers": null,
            "create_query_parameters": null,
            "delete_headers": null,
            "delete_query_parameters": null,
            "id": "/subscriptions/50cf0a46-a844-41a9-a708-8a9ac2f0eecc/resourceGroups/rg-aml-test-demo2/providers/Microsoft.CognitiveServices/accounts/test-cs-account-rai-proj2/projects/projects-testing-agents",
            "identity": [
              {
                "identity_ids": [
                  "/subscriptions/50cf0a46-a844-41a9-a708-8a9ac2f0eecc/resourceGroups/rg-aml-test-demo2/providers/Microsoft.ManagedIdentity/userAssignedIdentities/aml-test-uai2"
                ],
                "principal_id": "ef926b6b-b0bc-42c3-a7c9-65d6b644f97d",
                "tenant_id": "c5976b7f-e326-4d2b-9c44-183c29371942",
                "type": "SystemAssigned, UserAssigned"
              }
            ],
            "ignore_casing": false,
            "ignore_missing_property": true,
            "ignore_null_property": false,
            "location": "eastus",
            "locks": null,
            "name": "projects-testing-agents",
            "output": {
              "value": {
                "etag": "\"fc00e3ba-0000-0100-0000-695b9d5f0000\"",
                "id": "/subscriptions/50cf0a46-a844-41a9-a708-8a9ac2f0eecc/resourceGroups/rg-aml-test-demo2/providers/Microsoft.CognitiveServices/accounts/test-cs-account-rai-proj2/projects/projects-testing-agents",
                "identity": {
                  "principalId": "ef926b6b-b0bc-42c3-a7c9-65d6b644f97d",
                  "tenantId": "c5976b7f-e326-4d2b-9c44-183c29371942",
                  "type": "SystemAssigned, UserAssigned",
                  "userAssignedIdentities": {
                    "/subscriptions/50cf0a46-a844-41a9-a708-8a9ac2f0eecc/resourceGroups/rg-aml-test-demo2/providers/Microsoft.ManagedIdentity/userAssignedIdentities/aml-test-uai2": {
                      "clientId": "d6a685d8-f9fa-45ab-bc6a-021d5a3289e2",
                      "principalId": "d5e87eea-a657-4134-9215-27e9a8edf34a"
                    }
                  }
                },
                "kind": "AIServices",
                "location": "eastus",
                "name": "test-cs-account-rai-proj2/projects-testing-agents",
                "properties": {
                  "agentIdentity": {
                    "agentIdentityBlueprintId": "0f2a6ded-bcfc-42a2-80e4-ccb7abb95538",
                    "agentIdentityBlueprintObjectId": "0f2a6ded-bcfc-42a2-80e4-ccb7abb95538",
                    "agentIdentityId": "4fc6cfbc-287e-483d-a91b-e571054d8a3c"
                  },
                  "description": "test project",
                  "displayName": "project-agents-shiva",
                  "endpoints": {
                    "AI Foundry API": "https://test-cs-account-rai-proj2.services.ai.azure.com/api/projects/projects-testing-agents"
                  },
                  "internalId": "57cff6e8759146ea92b95fbeebf0087e",
                  "isDefault": true,
                  "provisioningState": "Succeeded"
                },
                "systemData": {
                  "createdAt": "2026-01-05T11:11:42.3611782Z",
                  "createdBy": "sivakrishna.sunkara@hotmail.com",
                  "createdByType": "User",
                  "lastModifiedAt": "2026-01-05T11:11:42.3611782Z",
                  "lastModifiedBy": "sivakrishna.sunkara@hotmail.com",
                  "lastModifiedByType": "User"
                },
                "type": "Microsoft.CognitiveServices/accounts/projects"
              },
              "type": [
                "object",
                {
                  "etag": "string",
                  "id": "string",
                  "identity": [
                    "object",
                    {
                      "principalId": "string",
                      "tenantId": "string",
                      "type": "string",
                      "userAssignedIdentities": [
                        "object",
                        {
                          "/subscriptions/50cf0a46-a844-41a9-a708-8a9ac2f0eecc/resourceGroups/rg-aml-test-demo2/providers/Microsoft.ManagedIdentity/userAssignedIdentities/aml-test-uai2": [
                            "object",
                            {
                              "clientId": "string",
                              "principalId": "string"
                            }
                          ]
                        }
                      ]
                    }
                  ],
                  "kind": "string",
                  "location": "string",
                  "name": "string",
                  "properties": [
                    "object",
                    {
                      "agentIdentity": [
                        "object",
                        {
                          "agentIdentityBlueprintId": "string",
                          "agentIdentityBlueprintObjectId": "string",
                          "agentIdentityId": "string"
                        }
                      ],
                      "description": "string",
                      "displayName": "string",
                      "endpoints": [
                        "object",
                        {
                          "AI Foundry API": "string"
                        }
                      ],
                      "internalId": "string",
                      "isDefault": "bool",
                      "provisioningState": "string"
                    }
                  ],
                  "systemData": [
                    "object",
                    {
                      "createdAt": "string",
                      "createdBy": "string",
                      "createdByType": "string",
                      "lastModifiedAt": "string",
                      "lastModifiedBy": "string",
                      "lastModifiedByType": "string"
                    }
                  ],
                  "type": "string"
                }
              ]
            },
            "parent_id": "/subscriptions/50cf0a46-a844-41a9-a708-8a9ac2f0eecc/resourceGroups/rg-aml-test-demo2/providers/Microsoft.CognitiveServices/accounts/test-cs-account-rai-proj2",
            "read_headers": null,
            "read_query_parameters": null,
            "replace_triggers_external_values": null,
            "replace_triggers_refs": null,
            "response_export_values": {
              "value": [
                "*"
              ],
              "type": [
                "tuple",
                [
                  "string"
                ]
              ]
            },
            "retry": null,
            "schema_validation_enabled": false,
            "sensitive_body": null,
            "sensitive_body_version": null,
            "tags": null,
            "timeouts": null,
            "type": "Microsoft.CognitiveServices/accounts/projects@2025-06-01",
            "update_headers": null,
            "update_query_parameters": null
          },
          "sensitive_attributes": [],
          "private": "eyJzZW5zaXRpdmVfYm9keSI6ImV5Sm9ZWE5vSWpvaVpFTk9UMjFMTDI1VFdTc3hNblpJZW1GelRGaHBjM2Q2YkVkVU5WVklRVGRxUVVkWmEzWnRRM1ZSY3owaWZRPT0ifQ==",
          "dependencies": [
            "azapi_resource.aiservices",
            "azurerm_resource_group.main",
            "azurerm_user_assigned_identity.this"
          ]
        }
      ]
    },
    {
      "mode": "managed",
      "type": "azapi_resource",
      "name": "rai_blocklist",
      "provider": "provider[\"registry.terraform.io/azure/azapi\"]",
      "instances": [
        {
          "index_key": "test-cs-account-rai123-crb-1",
          "schema_version": 2,
          "attributes": {
            "body": {
              "value": {
                "properties": {
                  "description": "Example blocklist 1"
                }
              },
              "type": [
                "object",
                {
                  "properties": [
                    "object",
                    {
                      "description": "string"
                    }
                  ]
                }
              ]
            },
            "create_headers": null,
            "create_query_parameters": null,
            "delete_headers": null,
            "delete_query_parameters": null,
            "id": "/subscriptions/50cf0a46-a844-41a9-a708-8a9ac2f0eecc/resourceGroups/rg-aml-test-demo2/providers/Microsoft.CognitiveServices/accounts/test-cs-account-rai-proj2/raiBlocklists/test-cs-account-rai123-crb-1",
            "identity": [],
            "ignore_casing": false,
            "ignore_missing_property": true,
            "ignore_null_property": false,
            "location": null,
            "locks": null,
            "name": "test-cs-account-rai123-crb-1",
            "output": {
              "value": {
                "id": "/subscriptions/50cf0a46-a844-41a9-a708-8a9ac2f0eecc/resourceGroups/rg-aml-test-demo2/providers/Microsoft.CognitiveServices/accounts/test-cs-account-rai-proj2/raiBlocklists/test-cs-account-rai123-crb-1",
                "type": "Microsoft.CognitiveServices/accounts/raiBlocklists"
              },
              "type": [
                "object",
                {
                  "id": "string",
                  "type": "string"
                }
              ]
            },
            "parent_id": "/subscriptions/50cf0a46-a844-41a9-a708-8a9ac2f0eecc/resourceGroups/rg-aml-test-demo2/providers/Microsoft.CognitiveServices/accounts/test-cs-account-rai-proj2",
            "read_headers": null,
            "read_query_parameters": null,
            "replace_triggers_external_values": null,
            "replace_triggers_refs": null,
            "response_export_values": null,
            "retry": null,
            "schema_validation_enabled": false,
            "sensitive_body": null,
            "sensitive_body_version": null,
            "tags": null,
            "timeouts": null,
            "type": "Microsoft.CognitiveServices/accounts/raiBlocklists@2024-10-01",
            "update_headers": null,
            "update_query_parameters": null
          },
          "sensitive_attributes": [],
          "private": "eyJzZW5zaXRpdmVfYm9keSI6ImV5Sm9ZWE5vSWpvaVpFTk9UMjFMTDI1VFdTc3hNblpJZW1GelRGaHBjM2Q2YkVkVU5WVklRVGRxUVVkWmEzWnRRM1ZSY3owaWZRPT0ifQ==",
          "dependencies": [
            "azapi_resource.aiservices",
            "azurerm_resource_group.main",
            "azurerm_user_assigned_identity.this"
          ]
        },
        {
          "index_key": "test-cs-account-rai123-crb-2",
          "schema_version": 2,
          "attributes": {
            "body": {
              "value": {
                "properties": {
                  "description": "Example blocklist 2 - regex patterns"
                }
              },
              "type": [
                "object",
                {
                  "properties": [
                    "object",
                    {
                      "description": "string"
                    }
                  ]
                }
              ]
            },
            "create_headers": null,
            "create_query_parameters": null,
            "delete_headers": null,
            "delete_query_parameters": null,
            "id": "/subscriptions/50cf0a46-a844-41a9-a708-8a9ac2f0eecc/resourceGroups/rg-aml-test-demo2/providers/Microsoft.CognitiveServices/accounts/test-cs-account-rai-proj2/raiBlocklists/test-cs-account-rai123-crb-2",
            "identity": [],
            "ignore_casing": false,
            "ignore_missing_property": true,
            "ignore_null_property": false,
            "location": null,
            "locks": null,
            "name": "test-cs-account-rai123-crb-2",
            "output": {
              "value": {
                "id": "/subscriptions/50cf0a46-a844-41a9-a708-8a9ac2f0eecc/resourceGroups/rg-aml-test-demo2/providers/Microsoft.CognitiveServices/accounts/test-cs-account-rai-proj2/raiBlocklists/test-cs-account-rai123-crb-2",
                "type": "Microsoft.CognitiveServices/accounts/raiBlocklists"
              },
              "type": [
                "object",
                {
                  "id": "string",
                  "type": "string"
                }
              ]
            },
            "parent_id": "/subscriptions/50cf0a46-a844-41a9-a708-8a9ac2f0eecc/resourceGroups/rg-aml-test-demo2/providers/Microsoft.CognitiveServices/accounts/test-cs-account-rai-proj2",
            "read_headers": null,
            "read_query_parameters": null,
            "replace_triggers_external_values": null,
            "replace_triggers_refs": null,
            "response_export_values": null,
            "retry": null,
            "schema_validation_enabled": false,
            "sensitive_body": null,
            "sensitive_body_version": null,
            "tags": null,
            "timeouts": null,
            "type": "Microsoft.CognitiveServices/accounts/raiBlocklists@2024-10-01",
            "update_headers": null,
            "update_query_parameters": null
          },
          "sensitive_attributes": [],
          "private": "eyJzZW5zaXRpdmVfYm9keSI6ImV5Sm9ZWE5vSWpvaVpFTk9UMjFMTDI1VFdTc3hNblpJZW1GelRGaHBjM2Q2YkVkVU5WVklRVGRxUVVkWmEzWnRRM1ZSY3owaWZRPT0ifQ==",
          "dependencies": [
            "azapi_resource.aiservices",
            "azurerm_resource_group.main",
            "azurerm_user_assigned_identity.this"
          ]
        }
      ]
    },
    {
      "mode": "managed",
      "type": "azapi_resource_action",
      "name": "rai_blocklist_items_batch",
      "provider": "provider[\"registry.terraform.io/azure/azapi\"]",
      "instances": [
        {
          "index_key": "test-cs-account-rai123-crb-1",
          "schema_version": 2,
          "attributes": {
            "action": "addRaiBlocklistItems",
            "body": {
              "value": [
                {
                  "name": "item-0",
                  "properties": {
                    "isRegex": false,
                    "pattern": "offensive"
                  }
                },
                {
                  "name": "item-1",
                  "properties": {
                    "isRegex": false,
                    "pattern": "inappropriate"
                  }
                },
                {
                  "name": "item-2",
                  "properties": {
                    "isRegex": false,
                    "pattern": "profanity"
                  }
                }
              ],
              "type": [
                "tuple",
                [
                  [
                    "object",
                    {
                      "name": "string",
                      "properties": [
                        "object",
                        {
                          "isRegex": "bool",
                          "pattern": "string"
                        }
                      ]
                    }
                  ],
                  [
                    "object",
                    {
                      "name": "string",
                      "properties": [
                        "object",
                        {
                          "isRegex": "bool",
                          "pattern": "string"
                        }
                      ]
                    }
                  ],
                  [
                    "object",
                    {
                      "name": "string",
                      "properties": [
                        "object",
                        {
                          "isRegex": "bool",
                          "pattern": "string"
                        }
                      ]
                    }
                  ]
                ]
              ]
            },
            "headers": null,
            "id": "/subscriptions/50cf0a46-a844-41a9-a708-8a9ac2f0eecc/resourceGroups/rg-aml-test-demo2/providers/Microsoft.CognitiveServices/accounts/test-cs-account-rai-proj2/raiBlocklists/test-cs-account-rai123-crb-1/addRaiBlocklistItems",
            "locks": null,
            "method": "POST",
            "output": {
              "value": {
                "displayName": "test-cs-account-rai123-crb-1",
                "etag": "\"e619575f-6e79-4ef4-ba35-d0ed9da99eba\"",
                "name": "test-cs-account-rai123-crb-1",
                "properties": {
                  "acsVersion": 0,
                  "description": "Example blocklist 1"
                },
                "systemData": {
                  "createdAt": "2026-01-05T10:57:31.7929973Z",
                  "createdBy": "sivakrishna.sunkara@hotmail.com",
                  "createdByType": "User",
                  "lastModifiedAt": "2026-01-05T10:57:31.7929973Z",
                  "lastModifiedBy": "sivakrishna.sunkara@hotmail.com",
                  "lastModifiedByType": "User"
                }
              },
              "type": [
                "object",
                {
                  "displayName": "string",
                  "etag": "string",
                  "name": "string",
                  "properties": [
                    "object",
                    {
                      "acsVersion": "number",
                      "description": "string"
                    }
                  ],
                  "systemData": [
                    "object",
                    {
                      "createdAt": "string",
                      "createdBy": "string",
                      "createdByType": "string",
                      "lastModifiedAt": "string",
                      "lastModifiedBy": "string",
                      "lastModifiedByType": "string"
                    }
                  ]
                }
              ]
            },
            "query_parameters": null,
            "resource_id": "/subscriptions/50cf0a46-a844-41a9-a708-8a9ac2f0eecc/resourceGroups/rg-aml-test-demo2/providers/Microsoft.CognitiveServices/accounts/test-cs-account-rai-proj2/raiBlocklists/test-cs-account-rai123-crb-1",
            "response_export_values": {
              "value": [
                "*"
              ],
              "type": [
                "tuple",
                [
                  "string"
                ]
              ]
            },
            "retry": null,
            "sensitive_output": {
              "value": {},
              "type": [
                "object",
                {}
              ]
            },
            "sensitive_response_export_values": null,
            "timeouts": null,
            "type": "Microsoft.CognitiveServices/accounts/raiBlocklists@2024-10-01",
            "when": "apply"
          },
          "sensitive_attributes": [
            [
              {
                "type": "get_attr",
                "value": "sensitive_output"
              }
            ]
          ],
          "dependencies": [
            "azapi_resource.aiservices",
            "azapi_resource.rai_blocklist",
            "azurerm_resource_group.main",
            "azurerm_user_assigned_identity.this"
          ]
        },
        {
          "index_key": "test-cs-account-rai123-crb-2",
          "schema_version": 2,
          "attributes": {
            "action": "addRaiBlocklistItems",
            "body": {
              "value": [
                {
                  "name": "item-0",
                  "properties": {
                    "isRegex": false,
                    "pattern": "^spam.*"
                  }
                },
                {
                  "name": "item-1",
                  "properties": {
                    "isRegex": false,
                    "pattern": "bad.*word"
                  }
                }
              ],
              "type": [
                "tuple",
                [
                  [
                    "object",
                    {
                      "name": "string",
                      "properties": [
                        "object",
                        {
                          "isRegex": "bool",
                          "pattern": "string"
                        }
                      ]
                    }
                  ],
                  [
                    "object",
                    {
                      "name": "string",
                      "properties": [
                        "object",
                        {
                          "isRegex": "bool",
                          "pattern": "string"
                        }
                      ]
                    }
                  ]
                ]
              ]
            },
            "headers": null,
            "id": "/subscriptions/50cf0a46-a844-41a9-a708-8a9ac2f0eecc/resourceGroups/rg-aml-test-demo2/providers/Microsoft.CognitiveServices/accounts/test-cs-account-rai-proj2/raiBlocklists/test-cs-account-rai123-crb-2/addRaiBlocklistItems",
            "locks": null,
            "method": "POST",
            "output": {
              "value": {
                "displayName": "test-cs-account-rai123-crb-2",
                "etag": "\"8236c483-490d-432f-84d4-25b158c34fe7\"",
                "name": "test-cs-account-rai123-crb-2",
                "properties": {
                  "acsVersion": 0,
                  "description": "Example blocklist 2 - regex patterns"
                },
                "systemData": {
                  "createdAt": "2026-01-05T10:57:30.2270389Z",
                  "createdBy": "sivakrishna.sunkara@hotmail.com",
                  "createdByType": "User",
                  "lastModifiedAt": "2026-01-05T10:57:30.2270389Z",
                  "lastModifiedBy": "sivakrishna.sunkara@hotmail.com",
                  "lastModifiedByType": "User"
                }
              },
              "type": [
                "object",
                {
                  "displayName": "string",
                  "etag": "string",
                  "name": "string",
                  "properties": [
                    "object",
                    {
                      "acsVersion": "number",
                      "description": "string"
                    }
                  ],
                  "systemData": [
                    "object",
                    {
                      "createdAt": "string",
                      "createdBy": "string",
                      "createdByType": "string",
                      "lastModifiedAt": "string",
                      "lastModifiedBy": "string",
                      "lastModifiedByType": "string"
                    }
                  ]
                }
              ]
            },
            "query_parameters": null,
            "resource_id": "/subscriptions/50cf0a46-a844-41a9-a708-8a9ac2f0eecc/resourceGroups/rg-aml-test-demo2/providers/Microsoft.CognitiveServices/accounts/test-cs-account-rai-proj2/raiBlocklists/test-cs-account-rai123-crb-2",
            "response_export_values": {
              "value": [
                "*"
              ],
              "type": [
                "tuple",
                [
                  "string"
                ]
              ]
            },
            "retry": null,
            "sensitive_output": {
              "value": {},
              "type": [
                "object",
                {}
              ]
            },
            "sensitive_response_export_values": null,
            "timeouts": null,
            "type": "Microsoft.CognitiveServices/accounts/raiBlocklists@2024-10-01",
            "when": "apply"
          },
          "sensitive_attributes": [
            [
              {
                "type": "get_attr",
                "value": "sensitive_output"
              }
            ]
          ],
          "dependencies": [
            "azapi_resource.aiservices",
            "azapi_resource.rai_blocklist",
            "azurerm_resource_group.main",
            "azurerm_user_assigned_identity.this"
          ]
        }
      ]
    },
    {
      "mode": "managed",
      "type": "azurerm_resource_group",
      "name": "main",
      "provider": "provider[\"registry.terraform.io/hashicorp/azurerm\"]",
      "instances": [
        {
          "schema_version": 0,
          "attributes": {
            "id": "/subscriptions/50cf0a46-a844-41a9-a708-8a9ac2f0eecc/resourceGroups/rg-aml-test-demo2",
            "location": "centralindia",
            "managed_by": "",
            "name": "rg-aml-test-demo2",
            "tags": {},
            "timeouts": null
          },
          "sensitive_attributes": [],
          "private": "eyJlMmJmYjczMC1lY2FhLTExZTYtOGY4OC0zNDM2M2JjN2M0YzAiOnsiY3JlYXRlIjo1NDAwMDAwMDAwMDAwLCJkZWxldGUiOjU0MDAwMDAwMDAwMDAsInJlYWQiOjMwMDAwMDAwMDAwMCwidXBkYXRlIjo1NDAwMDAwMDAwMDAwfX0="
        }
      ]
    },
    {
      "mode": "managed",
      "type": "azurerm_user_assigned_identity",
      "name": "this",
      "provider": "provider[\"registry.terraform.io/hashicorp/azurerm\"]",
      "instances": [
        {
          "schema_version": 1,
          "attributes": {
            "client_id": "d6a685d8-f9fa-45ab-bc6a-021d5a3289e2",
            "id": "/subscriptions/50cf0a46-a844-41a9-a708-8a9ac2f0eecc/resourceGroups/rg-aml-test-demo2/providers/Microsoft.ManagedIdentity/userAssignedIdentities/aml-test-uai2",
            "location": "centralindia",
            "name": "aml-test-uai2",
            "principal_id": "d5e87eea-a657-4134-9215-27e9a8edf34a",
            "resource_group_name": "rg-aml-test-demo2",
            "tags": {},
            "tenant_id": "c5976b7f-e326-4d2b-9c44-183c29371942",
            "timeouts": null
          },
          "sensitive_attributes": [],
          "private": "eyJlMmJmYjczMC1lY2FhLTExZTYtOGY4OC0zNDM2M2JjN2M0YzAiOnsiY3JlYXRlIjoxODAwMDAwMDAwMDAwLCJkZWxldGUiOjE4MDAwMDAwMDAwMDAsInJlYWQiOjMwMDAwMDAwMDAwMCwidXBkYXRlIjoxODAwMDAwMDAwMDAwfSwic2NoZW1hX3ZlcnNpb24iOiIxIn0=",
          "dependencies": [
            "azurerm_resource_group.main"
          ]
        }
      ]
    }
  ],
  "check_results": [
    {
      "object_kind": "var",
      "config_addr": "var.projects",
      "status": "pass",
      "objects": [
        {
          "object_addr": "var.projects",
          "status": "pass"
        }
      ]
    },
    {
      "object_kind": "var",
      "config_addr": "var.agents",
      "status": "pass",
      "objects": [
        {
          "object_addr": "var.agents",
          "status": "pass"
        }
      ]
    },
    {
      "object_kind": "var",
      "config_addr": "var.content_filters",
      "status": "pass",
      "objects": [
        {
          "object_addr": "var.content_filters",
          "status": "pass"
        }
      ]
    },
    {
      "object_kind": "var",
      "config_addr": "var.custom_topics",
      "status": "pass",
      "objects": [
        {
          "object_addr": "var.custom_topics",
          "status": "pass"
        }
      ]
    },
    {
      "object_kind": "var",
      "config_addr": "var.safety_providers",
      "status": "pass",
      "objects": [
        {
          "object_addr": "var.safety_providers",
          "status": "pass"
        }
      ]
    },
    {
      "object_kind": "var",
      "config_addr": "var.rai_policy_mode",
      "status": "pass",
      "objects": [
        {
          "object_addr": "var.rai_policy_mode",
          "status": "pass"
        }
      ]
    }
  ]
}
